
Microsoft Visual Studio Solution File, Format Version 12.00
# Visual Studio Version 16
VisualStudioVersion = 25.0.1703.8
MinimumVisualStudioVersion = 10.0.40219.1
Project("{FAE04EC0-301F-11D3-BF4B-00C04F79EFBC}") = "Entities", "Entities\Entities.csproj", "{1B5FC141-D97E-4FD5-9A86-1E2789A76696}"
EndProject
Global
	GlobalSection(SolutionConfigurationPlatforms) = preSolution
		Debug|Any CPU = Debug|Any CPU
		Release|Any CPU = Release|Any CPU
	EndGlobalSection
	GlobalSection(ProjectConfigurationPlatforms) = postSolution
		{1B5FC141-D97E-4FD5-9A86-1E2789A76696}.Debug|Any CPU.ActiveCfg = Debug|Any CPU
		{1B5FC141-D97E-4FD5-9A86-1E2789A76696}.Debug|Any CPU.Build.0 = Debug|Any CPU
		{1B5FC141-D97E-4FD5-9A86-1E2789A76696}.Release|Any CPU.ActiveCfg = Release|Any CPU
		{1B5FC141-D97E-4FD5-9A86-1E2789A76696}.Release|Any CPU.Build.0 = Release|Any CPU
	EndGlobalSection
	GlobalSection(SolutionProperties) = preSolution
		HideSolutionNode = FALSE
	EndGlobalSection
	GlobalSection(ExtensibilityGlobals) = postSolution
		SolutionGuid = {23244B6F-1B0F-4B59-A849-1E8274475132}
	EndGlobalSection
EndGlobal
